
Microsoft Visual Studio Solution File, Format Version 12.00
# Visual Studio Version 17
VisualStudioVersion = 17.14.36511.14 d17.14
MinimumVisualStudioVersion = 10.0.40219.1
Project("{FAE04EC0-301F-11D3-BF4B-00C04F79EFBC}") = "Media.API", "Media.API\Media.API.csproj", "{007AC6AF-E727-4D4D-BDCD-E583EFE669AF}"
EndProject
Project("{FAE04EC0-301F-11D3-BF4B-00C04F79EFBC}") = "Media.DbContext", "Media.DbContext\Media.DbContext.csproj", "{705C37AB-D512-4292-A162-8E8B4A5A0FB8}"
EndProject
Project("{FAE04EC0-301F-11D3-BF4B-00C04F79EFBC}") = "Media.Intf", "Media.Intf\Media.Intf.csproj", "{9BC33C4D-2358-4EA3-9E54-37BBFD2DC58E}"
EndProject
Project("{FAE04EC0-301F-11D3-BF4B-00C04F79EFBC}") = "Media.Server", "Media.Server\Media.Server.csproj", "{A95C1ECF-D06D-4365-A47E-B37315A77D06}"
EndProject
Project("{FAE04EC0-301F-11D3-BF4B-00C04F79EFBC}") = "Media.Testes", "Media.Testes\Media.Testes.csproj", "{034A1891-B5AE-440F-B86A-E8DE41E64BD9}"
EndProject
Global
	GlobalSection(SolutionConfigurationPlatforms) = preSolution
		Debug|Any CPU = Debug|Any CPU
		Release|Any CPU = Release|Any CPU
	EndGlobalSection
	GlobalSection(ProjectConfigurationPlatforms) = postSolution
		{007AC6AF-E727-4D4D-BDCD-E583EFE669AF}.Debug|Any CPU.ActiveCfg = Debug|Any CPU
		{007AC6AF-E727-4D4D-BDCD-E583EFE669AF}.Debug|Any CPU.Build.0 = Debug|Any CPU
		{007AC6AF-E727-4D4D-BDCD-E583EFE669AF}.Release|Any CPU.ActiveCfg = Release|Any CPU
		{007AC6AF-E727-4D4D-BDCD-E583EFE669AF}.Release|Any CPU.Build.0 = Release|Any CPU
		{705C37AB-D512-4292-A162-8E8B4A5A0FB8}.Debug|Any CPU.ActiveCfg = Debug|Any CPU
		{705C37AB-D512-4292-A162-8E8B4A5A0FB8}.Debug|Any CPU.Build.0 = Debug|Any CPU
		{705C37AB-D512-4292-A162-8E8B4A5A0FB8}.Release|Any CPU.ActiveCfg = Release|Any CPU
		{705C37AB-D512-4292-A162-8E8B4A5A0FB8}.Release|Any CPU.Build.0 = Release|Any CPU
		{9BC33C4D-2358-4EA3-9E54-37BBFD2DC58E}.Debug|Any CPU.ActiveCfg = Debug|Any CPU
		{9BC33C4D-2358-4EA3-9E54-37BBFD2DC58E}.Debug|Any CPU.Build.0 = Debug|Any CPU
		{9BC33C4D-2358-4EA3-9E54-37BBFD2DC58E}.Release|Any CPU.ActiveCfg = Release|Any CPU
		{9BC33C4D-2358-4EA3-9E54-37BBFD2DC58E}.Release|Any CPU.Build.0 = Release|Any CPU
		{A95C1ECF-D06D-4365-A47E-B37315A77D06}.Debug|Any CPU.ActiveCfg = Debug|Any CPU
		{A95C1ECF-D06D-4365-A47E-B37315A77D06}.Debug|Any CPU.Build.0 = Debug|Any CPU
		{A95C1ECF-D06D-4365-A47E-B37315A77D06}.Release|Any CPU.ActiveCfg = Release|Any CPU
		{A95C1ECF-D06D-4365-A47E-B37315A77D06}.Release|Any CPU.Build.0 = Release|Any CPU
		{034A1891-B5AE-440F-B86A-E8DE41E64BD9}.Debug|Any CPU.ActiveCfg = Debug|Any CPU
		{034A1891-B5AE-440F-B86A-E8DE41E64BD9}.Debug|Any CPU.Build.0 = Debug|Any CPU
		{034A1891-B5AE-440F-B86A-E8DE41E64BD9}.Release|Any CPU.ActiveCfg = Release|Any CPU
		{034A1891-B5AE-440F-B86A-E8DE41E64BD9}.Release|Any CPU.Build.0 = Release|Any CPU
	EndGlobalSection
	GlobalSection(SolutionProperties) = preSolution
		HideSolutionNode = FALSE
	EndGlobalSection
	GlobalSection(ExtensibilityGlobals) = postSolution
		SolutionGuid = {38916350-C00F-4E7F-BB56-0F60C63EDFE7}
	EndGlobalSection
EndGlobal
